
Microsoft Visual Studio Solution File, Format Version 12.00
# Visual Studio Version 17
VisualStudioVersion = 17.13.35828.75
MinimumVisualStudioVersion = 10.0.40219.1
Project("{FAE04EC0-301F-11D3-BF4B-00C04F79EFBC}") = "T4bJl3T04K4", "T4bJl3T04K4\T4bJl3T04K4.csproj", "{DCEE4CE2-C01D-4792-87FB-A28109F7C6C6}"
EndProject
Project("{FAE04EC0-301F-11D3-BF4B-00C04F79EFBC}") = "T4bJl3T04K4.Tests", "T4bJl3T04K4.Tests\T4bJl3T04K4.Tests.csproj", "{EE9CB3DF-AE2D-4C30-B5AD-49C0BD72045E}"
EndProject
Global
	GlobalSection(SolutionConfigurationPlatforms) = preSolution
		Debug|Any CPU = Debug|Any CPU
		Release|Any CPU = Release|Any CPU
	EndGlobalSection
	GlobalSection(ProjectConfigurationPlatforms) = postSolution
		{DCEE4CE2-C01D-4792-87FB-A28109F7C6C6}.Debug|Any CPU.ActiveCfg = Debug|Any CPU
		{DCEE4CE2-C01D-4792-87FB-A28109F7C6C6}.Debug|Any CPU.Build.0 = Debug|Any CPU
		{DCEE4CE2-C01D-4792-87FB-A28109F7C6C6}.Release|Any CPU.ActiveCfg = Release|Any CPU
		{DCEE4CE2-C01D-4792-87FB-A28109F7C6C6}.Release|Any CPU.Build.0 = Release|Any CPU
		{EE9CB3DF-AE2D-4C30-B5AD-49C0BD72045E}.Debug|Any CPU.ActiveCfg = Debug|Any CPU
		{EE9CB3DF-AE2D-4C30-B5AD-49C0BD72045E}.Debug|Any CPU.Build.0 = Debug|Any CPU
		{EE9CB3DF-AE2D-4C30-B5AD-49C0BD72045E}.Release|Any CPU.ActiveCfg = Release|Any CPU
		{EE9CB3DF-AE2D-4C30-B5AD-49C0BD72045E}.Release|Any CPU.Build.0 = Release|Any CPU
	EndGlobalSection
	GlobalSection(SolutionProperties) = preSolution
		HideSolutionNode = FALSE
	EndGlobalSection
	GlobalSection(ExtensibilityGlobals) = postSolution
		SolutionGuid = {7AA12712-9CAE-4224-917D-AE1FA3AAFE26}
	EndGlobalSection
EndGlobal
